
Microsoft Visual Studio Solution File, Format Version 12.00
# Visual Studio Version 17
VisualStudioVersion = 17.8.34330.188
MinimumVisualStudioVersion = 10.0.40219.1
Project("{FAE04EC0-301F-11D3-BF4B-00C04F79EFBC}") = "QuickIDEA", "QuickIDEA.csproj", "{7F029CE5-D778-46F2-A3BE-4673D10F5CD8}"
EndProject
Global
	GlobalSection(SolutionConfigurationPlatforms) = preSolution
		Debug|Any CPU = Debug|Any CPU
		Release|Any CPU = Release|Any CPU
	EndGlobalSection
	GlobalSection(ProjectConfigurationPlatforms) = postSolution
		{7F029CE5-D778-46F2-A3BE-4673D10F5CD8}.Debug|Any CPU.ActiveCfg = Debug|Any CPU
		{7F029CE5-D778-46F2-A3BE-4673D10F5CD8}.Debug|Any CPU.Build.0 = Debug|Any CPU
		{7F029CE5-D778-46F2-A3BE-4673D10F5CD8}.Release|Any CPU.ActiveCfg = Release|Any CPU
		{7F029CE5-D778-46F2-A3BE-4673D10F5CD8}.Release|Any CPU.Build.0 = Release|Any CPU
	EndGlobalSection
	GlobalSection(SolutionProperties) = preSolution
		HideSolutionNode = FALSE
	EndGlobalSection
	GlobalSection(ExtensibilityGlobals) = postSolution
		SolutionGuid = {848BA84F-DC33-4522-B49E-2078CEEBB35F}
	EndGlobalSection
EndGlobal
